
Microsoft Visual Studio Solution File, Format Version 12.00
# Visual Studio Version 17
VisualStudioVersion = 17.12.35527.113 d17.12
MinimumVisualStudioVersion = 10.0.40219.1
Project("{FAE04EC0-301F-11D3-BF4B-00C04F79EFBC}") = "InventarioApi", "InventarioApi.csproj", "{7DC4D7E3-FD2B-4172-9F4F-5FA3D2188762}"
EndProject
Global
	GlobalSection(SolutionConfigurationPlatforms) = preSolution
		Debug|Any CPU = Debug|Any CPU
		Release|Any CPU = Release|Any CPU
	EndGlobalSection
	GlobalSection(ProjectConfigurationPlatforms) = postSolution
		{7DC4D7E3-FD2B-4172-9F4F-5FA3D2188762}.Debug|Any CPU.ActiveCfg = Debug|Any CPU
		{7DC4D7E3-FD2B-4172-9F4F-5FA3D2188762}.Debug|Any CPU.Build.0 = Debug|Any CPU
		{7DC4D7E3-FD2B-4172-9F4F-5FA3D2188762}.Release|Any CPU.ActiveCfg = Release|Any CPU
		{7DC4D7E3-FD2B-4172-9F4F-5FA3D2188762}.Release|Any CPU.Build.0 = Release|Any CPU
	EndGlobalSection
	GlobalSection(SolutionProperties) = preSolution
		HideSolutionNode = FALSE
	EndGlobalSection
EndGlobal
